// !$*UTF8*$!
{
	archiveVersion = 1;
	classes = {
	};
	objectVersion = 56;
	objects = {

/* Begin PBXBuildFile section */
		713728D82B54697C0069A12F /* SplashScreen.swift in Sources */ = {isa = PBXBuildFile; fileRef = 713728D72B54697C0069A12F /* SplashScreen.swift */; };
		713728DA2B5497D00069A12F /* GameView.swift in Sources */ = {isa = PBXBuildFile; fileRef = 713728D92B5497D00069A12F /* GameView.swift */; };
		713728DC2B54A1E30069A12F /* GameInfo.swift in Sources */ = {isa = PBXBuildFile; fileRef = 713728DB2B54A1E30069A12F /* GameInfo.swift */; };
		713B422C2B559C2700DA126D /* IntroView.swift in Sources */ = {isa = PBXBuildFile; fileRef = 713B422B2B559C2700DA126D /* IntroView.swift */; };
		713B422E2B55DB4600DA126D /* Step.swift in Sources */ = {isa = PBXBuildFile; fileRef = 713B422D2B55DB4600DA126D /* Step.swift */; };
		713B42322B56344000DA126D /* SwitchView.swift in Sources */ = {isa = PBXBuildFile; fileRef = 713B42312B56344000DA126D /* SwitchView.swift */; };
		713CD3712B51A7F200C6F2EA /* PaperCutGameApp.swift in Sources */ = {isa = PBXBuildFile; fileRef = 713CD3702B51A7F200C6F2EA /* PaperCutGameApp.swift */; };
		713CD3732B51A7F200C6F2EA /* ContentView.swift in Sources */ = {isa = PBXBuildFile; fileRef = 713CD3722B51A7F200C6F2EA /* ContentView.swift */; };
		713CD3752B51A7F300C6F2EA /* Assets.xcassets in Resources */ = {isa = PBXBuildFile; fileRef = 713CD3742B51A7F300C6F2EA /* Assets.xcassets */; };
		713CD3792B51A7F300C6F2EA /* Preview Assets.xcassets in Resources */ = {isa = PBXBuildFile; fileRef = 713CD3782B51A7F300C6F2EA /* Preview Assets.xcassets */; };
		713CD3812B51BDB800C6F2EA /* HomeView.swift in Sources */ = {isa = PBXBuildFile; fileRef = 713CD3802B51BDB800C6F2EA /* HomeView.swift */; };
		713CD3832B51BEF700C6F2EA /* OffsetPageTabView.swift in Sources */ = {isa = PBXBuildFile; fileRef = 713CD3822B51BEF700C6F2EA /* OffsetPageTabView.swift */; };
		713CD3862B51BF3F00C6F2EA /* Intro.swift in Sources */ = {isa = PBXBuildFile; fileRef = 713CD3852B51BF3F00C6F2EA /* Intro.swift */; };
/* End PBXBuildFile section */

/* Begin PBXFileReference section */
		713728D72B54697C0069A12F /* SplashScreen.swift */ = {isa = PBXFileReference; lastKnownFileType = sourcecode.swift; path = SplashScreen.swift; sourceTree = "<group>"; };
		713728D92B5497D00069A12F /* GameView.swift */ = {isa = PBXFileReference; lastKnownFileType = sourcecode.swift; path = GameView.swift; sourceTree = "<group>"; };
		713728DB2B54A1E30069A12F /* GameInfo.swift */ = {isa = PBXFileReference; lastKnownFileType = sourcecode.swift; path = GameInfo.swift; sourceTree = "<group>"; };
		713B422B2B559C2700DA126D /* IntroView.swift */ = {isa = PBXFileReference; lastKnownFileType = sourcecode.swift; path = IntroView.swift; sourceTree = "<group>"; };
		713B422D2B55DB4600DA126D /* Step.swift */ = {isa = PBXFileReference; lastKnownFileType = sourcecode.swift; path = Step.swift; sourceTree = "<group>"; };
		713B42312B56344000DA126D /* SwitchView.swift */ = {isa = PBXFileReference; lastKnownFileType = sourcecode.swift; path = SwitchView.swift; sourceTree = "<group>"; };
		713CD36D2B51A7F200C6F2EA /* PaperCutGame.app */ = {isa = PBXFileReference; explicitFileType = wrapper.application; includeInIndex = 0; path = PaperCutGame.app; sourceTree = BUILT_PRODUCTS_DIR; };
		713CD3702B51A7F200C6F2EA /* PaperCutGameApp.swift */ = {isa = PBXFileReference; lastKnownFileType = sourcecode.swift; path = PaperCutGameApp.swift; sourceTree = "<group>"; };
		713CD3722B51A7F200C6F2EA /* ContentView.swift */ = {isa = PBXFileReference; lastKnownFileType = sourcecode.swift; path = ContentView.swift; sourceTree = "<group>"; };
		713CD3742B51A7F300C6F2EA /* Assets.xcassets */ = {isa = PBXFileReference; lastKnownFileType = folder.assetcatalog; name = Assets.xcassets; path = PaperCutGame/Assets.xcassets; sourceTree = SOURCE_ROOT; };
		713CD3762B51A7F300C6F2EA /* PaperCutGame.entitlements */ = {isa = PBXFileReference; lastKnownFileType = text.plist.entitlements; path = PaperCutGame.entitlements; sourceTree = "<group>"; };
		713CD3782B51A7F300C6F2EA /* Preview Assets.xcassets */ = {isa = PBXFileReference; lastKnownFileType = folder.assetcatalog; path = "Preview Assets.xcassets"; sourceTree = "<group>"; };
		713CD3802B51BDB800C6F2EA /* HomeView.swift */ = {isa = PBXFileReference; lastKnownFileType = sourcecode.swift; path = HomeView.swift; sourceTree = "<group>"; };
		713CD3822B51BEF700C6F2EA /* OffsetPageTabView.swift */ = {isa = PBXFileReference; lastKnownFileType = sourcecode.swift; path = OffsetPageTabView.swift; sourceTree = "<group>"; };
		713CD3852B51BF3F00C6F2EA /* Intro.swift */ = {isa = PBXFileReference; lastKnownFileType = sourcecode.swift; path = Intro.swift; sourceTree = "<group>"; };
/* End PBXFileReference section */

/* Begin PBXFrameworksBuildPhase section */
		713CD36A2B51A7F200C6F2EA /* Frameworks */ = {
			isa = PBXFrameworksBuildPhase;
			buildActionMask = 2147483647;
			files = (
			);
			runOnlyForDeploymentPostprocessing = 0;
		};
/* End PBXFrameworksBuildPhase section */

/* Begin PBXGroup section */
		713CD3642B51A7F200C6F2EA = {
			isa = PBXGroup;
			children = (
				713CD36F2B51A7F200C6F2EA /* PaperCutGame */,
				713CD36E2B51A7F200C6F2EA /* Products */,
			);
			sourceTree = "<group>";
		};
		713CD36E2B51A7F200C6F2EA /* Products */ = {
			isa = PBXGroup;
			children = (
				713CD36D2B51A7F200C6F2EA /* PaperCutGame.app */,
			);
			name = Products;
			sourceTree = "<group>";
		};
		713CD36F2B51A7F200C6F2EA /* PaperCutGame */ = {
			isa = PBXGroup;
			children = (
				713CD3842B51BF0600C6F2EA /* Model */,
				713CD37F2B51AC2D00C6F2EA /* View */,
				713CD3702B51A7F200C6F2EA /* PaperCutGameApp.swift */,
				713CD3722B51A7F200C6F2EA /* ContentView.swift */,
				713CD3742B51A7F300C6F2EA /* Assets.xcassets */,
				713CD3762B51A7F300C6F2EA /* PaperCutGame.entitlements */,
				713CD3772B51A7F300C6F2EA /* Preview Content */,
			);
			path = PaperCutGame;
			sourceTree = "<group>";
		};
		713CD3772B51A7F300C6F2EA /* Preview Content */ = {
			isa = PBXGroup;
			children = (
				713CD3782B51A7F300C6F2EA /* Preview Assets.xcassets */,
			);
			path = "Preview Content";
			sourceTree = "<group>";
		};
		713CD37F2B51AC2D00C6F2EA /* View */ = {
			isa = PBXGroup;
			children = (
				713CD3802B51BDB800C6F2EA /* HomeView.swift */,
				713CD3822B51BEF700C6F2EA /* OffsetPageTabView.swift */,
				713728D72B54697C0069A12F /* SplashScreen.swift */,
				713728D92B5497D00069A12F /* GameView.swift */,
				713B422B2B559C2700DA126D /* IntroView.swift */,
				713B42312B56344000DA126D /* SwitchView.swift */,
			);
			path = View;
			sourceTree = "<group>";
		};
		713CD3842B51BF0600C6F2EA /* Model */ = {
			isa = PBXGroup;
			children = (
				713CD3852B51BF3F00C6F2EA /* Intro.swift */,
				713728DB2B54A1E30069A12F /* GameInfo.swift */,
				713B422D2B55DB4600DA126D /* Step.swift */,
			);
			path = Model;
			sourceTree = "<group>";
		};
/* End PBXGroup section */

/* Begin PBXNativeTarget section */
		713CD36C2B51A7F200C6F2EA /* PaperCutGame */ = {
			isa = PBXNativeTarget;
			buildConfigurationList = 713CD37C2B51A7F300C6F2EA /* Build configuration list for PBXNativeTarget "PaperCutGame" */;
			buildPhases = (
				713CD3692B51A7F200C6F2EA /* Sources */,
				713CD36A2B51A7F200C6F2EA /* Frameworks */,
				713CD36B2B51A7F200C6F2EA /* Resources */,
			);
			buildRules = (
			);
			dependencies = (
			);
			name = PaperCutGame;
			productName = PaperCutGame;
			productReference = 713CD36D2B51A7F200C6F2EA /* PaperCutGame.app */;
			productType = "com.apple.product-type.application";
		};
/* End PBXNativeTarget section */

/* Begin PBXProject section */
		713CD3652B51A7F200C6F2EA /* Project object */ = {
			isa = PBXProject;
			attributes = {
				BuildIndependentTargetsInParallel = 1;
				LastSwiftUpdateCheck = 1430;
				LastUpgradeCheck = 1430;
				TargetAttributes = {
					713CD36C2B51A7F200C6F2EA = {
						CreatedOnToolsVersion = 14.3.1;
					};
				};
			};
			buildConfigurationList = 713CD3682B51A7F200C6F2EA /* Build configuration list for PBXProject "PaperCutGame" */;
			compatibilityVersion = "Xcode 14.0";
			developmentRegion = en;
			hasScannedForEncodings = 0;
			knownRegions = (
				en,
				Base,
			);
			mainGroup = 713CD3642B51A7F200C6F2EA;
			productRefGroup = 713CD36E2B51A7F200C6F2EA /* Products */;
			projectDirPath = "";
			projectRoot = "";
			targets = (
				713CD36C2B51A7F200C6F2EA /* PaperCutGame */,
			);
		};
/* End PBXProject section */

/* Begin PBXResourcesBuildPhase section */
		713CD36B2B51A7F200C6F2EA /* Resources */ = {
			isa = PBXResourcesBuildPhase;
			buildActionMask = 2147483647;
			files = (
				713CD3792B51A7F300C6F2EA /* Preview Assets.xcassets in Resources */,
				713CD3752B51A7F300C6F2EA /* Assets.xcassets in Resources */,
			);
			runOnlyForDeploymentPostprocessing = 0;
		};
/* End PBXResourcesBuildPhase section */

/* Begin PBXSourcesBuildPhase section */
		713CD3692B51A7F200C6F2EA /* Sources */ = {
			isa = PBXSourcesBuildPhase;
			buildActionMask = 2147483647;
			files = (
				713728D82B54697C0069A12F /* SplashScreen.swift in Sources */,
				713CD3862B51BF3F00C6F2EA /* Intro.swift in Sources */,
				713CD3832B51BEF700C6F2EA /* OffsetPageTabView.swift in Sources */,
				713CD3812B51BDB800C6F2EA /* HomeView.swift in Sources */,
				713CD3732B51A7F200C6F2EA /* ContentView.swift in Sources */,
				713B422C2B559C2700DA126D /* IntroView.swift in Sources */,
				713CD3712B51A7F200C6F2EA /* PaperCutGameApp.swift in Sources */,
				713B42322B56344000DA126D /* SwitchView.swift in Sources */,
				713B422E2B55DB4600DA126D /* Step.swift in Sources */,
				713728DA2B5497D00069A12F /* GameView.swift in Sources */,
				713728DC2B54A1E30069A12F /* GameInfo.swift in Sources */,
			);
			runOnlyForDeploymentPostprocessing = 0;
		};
/* End PBXSourcesBuildPhase section */

/* Begin XCBuildConfiguration section */
		713CD37A2B51A7F300C6F2EA /* Debug */ = {
			isa = XCBuildConfiguration;
			buildSettings = {
				ALWAYS_SEARCH_USER_PATHS = NO;
				CLANG_ANALYZER_NONNULL = YES;
				CLANG_ANALYZER_NUMBER_OBJECT_CONVERSION = YES_AGGRESSIVE;
				CLANG_CXX_LANGUAGE_STANDARD = "gnu++20";
				CLANG_ENABLE_MODULES = YES;
				CLANG_ENABLE_OBJC_ARC = YES;
				CLANG_ENABLE_OBJC_WEAK = YES;
				CLANG_WARN_BLOCK_CAPTURE_AUTORELEASING = YES;
				CLANG_WARN_BOOL_CONVERSION = YES;
				CLANG_WARN_COMMA = YES;
				CLANG_WARN_CONSTANT_CONVERSION = YES;
				CLANG_WARN_DEPRECATED_OBJC_IMPLEMENTATIONS = YES;
				CLANG_WARN_DIRECT_OBJC_ISA_USAGE = YES_ERROR;
				CLANG_WARN_DOCUMENTATION_COMMENTS = YES;
				CLANG_WARN_EMPTY_BODY = YES;
				CLANG_WARN_ENUM_CONVERSION = YES;
				CLANG_WARN_INFINITE_RECURSION = YES;
				CLANG_WARN_INT_CONVERSION = YES;
				CLANG_WARN_NON_LITERAL_NULL_CONVERSION = YES;
				CLANG_WARN_OBJC_IMPLICIT_RETAIN_SELF = YES;
				CLANG_WARN_OBJC_LITERAL_CONVERSION = YES;
				CLANG_WARN_OBJC_ROOT_CLASS = YES_ERROR;
				CLANG_WARN_QUOTED_INCLUDE_IN_FRAMEWORK_HEADER = YES;
				CLANG_WARN_RANGE_LOOP_ANALYSIS = YES;
				CLANG_WARN_STRICT_PROTOTYPES = YES;
				CLANG_WARN_SUSPICIOUS_MOVE = YES;
				CLANG_WARN_UNGUARDED_AVAILABILITY = YES_AGGRESSIVE;
				CLANG_WARN_UNREACHABLE_CODE = YES;
				CLANG_WARN__DUPLICATE_METHOD_MATCH = YES;
				COPY_PHASE_STRIP = NO;
				DEBUG_INFORMATION_FORMAT = dwarf;
				ENABLE_STRICT_OBJC_MSGSEND = YES;
				ENABLE_TESTABILITY = YES;
				GCC_C_LANGUAGE_STANDARD = gnu11;
				GCC_DYNAMIC_NO_PIC = NO;
				GCC_NO_COMMON_BLOCKS = YES;
				GCC_OPTIMIZATION_LEVEL = 0;
				GCC_PREPROCESSOR_DEFINITIONS = (
					"DEBUG=1",
					"$(inherited)",
				);
				GCC_WARN_64_TO_32_BIT_CONVERSION = YES;
				GCC_WARN_ABOUT_RETURN_TYPE = YES_ERROR;
				GCC_WARN_UNDECLARED_SELECTOR = YES;
				GCC_WARN_UNINITIALIZED_AUTOS = YES_AGGRESSIVE;
				GCC_WARN_UNUSED_FUNCTION = YES;
				GCC_WARN_UNUSED_VARIABLE = YES;
				MTL_ENABLE_DEBUG_INFO = INCLUDE_SOURCE;
				MTL_FAST_MATH = YES;
				ONLY_ACTIVE_ARCH = YES;
				SWIFT_ACTIVE_COMPILATION_CONDITIONS = DEBUG;
				SWIFT_OPTIMIZATION_LEVEL = "-Onone";
			};
			name = Debug;
		};
		713CD37B2B51A7F300C6F2EA /* Release */ = {
			isa = XCBuildConfiguration;
			buildSettings = {
				ALWAYS_SEARCH_USER_PATHS = NO;
				CLANG_ANALYZER_NONNULL = YES;
				CLANG_ANALYZER_NUMBER_OBJECT_CONVERSION = YES_AGGRESSIVE;
				CLANG_CXX_LANGUAGE_STANDARD = "gnu++20";
				CLANG_ENABLE_MODULES = YES;
				CLANG_ENABLE_OBJC_ARC = YES;
				CLANG_ENABLE_OBJC_WEAK = YES;
				CLANG_WARN_BLOCK_CAPTURE_AUTORELEASING = YES;
				CLANG_WARN_BOOL_CONVERSION = YES;
				CLANG_WARN_COMMA = YES;
				CLANG_WARN_CONSTANT_CONVERSION = YES;
				CLANG_WARN_DEPRECATED_OBJC_IMPLEMENTATIONS = YES;
				CLANG_WARN_DIRECT_OBJC_ISA_USAGE = YES_ERROR;
				CLANG_WARN_DOCUMENTATION_COMMENTS = YES;
				CLANG_WARN_EMPTY_BODY = YES;
				CLANG_WARN_ENUM_CONVERSION = YES;
				CLANG_WARN_INFINITE_RECURSION = YES;
				CLANG_WARN_INT_CONVERSION = YES;
				CLANG_WARN_NON_LITERAL_NULL_CONVERSION = YES;
				CLANG_WARN_OBJC_IMPLICIT_RETAIN_SELF = YES;
				CLANG_WARN_OBJC_LITERAL_CONVERSION = YES;
				CLANG_WARN_OBJC_ROOT_CLASS = YES_ERROR;
				CLANG_WARN_QUOTED_INCLUDE_IN_FRAMEWORK_HEADER = YES;
				CLANG_WARN_RANGE_LOOP_ANALYSIS = YES;
				CLANG_WARN_STRICT_PROTOTYPES = YES;
				CLANG_WARN_SUSPICIOUS_MOVE = YES;
				CLANG_WARN_UNGUARDED_AVAILABILITY = YES_AGGRESSIVE;
				CLANG_WARN_UNREACHABLE_CODE = YES;
				CLANG_WARN__DUPLICATE_METHOD_MATCH = YES;
				COPY_PHASE_STRIP = NO;
				DEBUG_INFORMATION_FORMAT = "dwarf-with-dsym";
				ENABLE_NS_ASSERTIONS = NO;
				ENABLE_STRICT_OBJC_MSGSEND = YES;
				GCC_C_LANGUAGE_STANDARD = gnu11;
				GCC_NO_COMMON_BLOCKS = YES;
				GCC_WARN_64_TO_32_BIT_CONVERSION = YES;
				GCC_WARN_ABOUT_RETURN_TYPE = YES_ERROR;
				GCC_WARN_UNDECLARED_SELECTOR = YES;
				GCC_WARN_UNINITIALIZED_AUTOS = YES_AGGRESSIVE;
				GCC_WARN_UNUSED_FUNCTION = YES;
				GCC_WARN_UNUSED_VARIABLE = YES;
				MTL_ENABLE_DEBUG_INFO = NO;
				MTL_FAST_MATH = YES;
				SWIFT_COMPILATION_MODE = wholemodule;
				SWIFT_OPTIMIZATION_LEVEL = "-O";
			};
			name = Release;
		};
		713CD37D2B51A7F300C6F2EA /* Debug */ = {
			isa = XCBuildConfiguration;
			buildSettings = {
				ASSETCATALOG_COMPILER_APPICON_NAME = AppIcon;
				ASSETCATALOG_COMPILER_GLOBAL_ACCENT_COLOR_NAME = AccentColor;
				CODE_SIGN_ENTITLEMENTS = PaperCutGame/PaperCutGame.entitlements;
				CODE_SIGN_STYLE = Automatic;
				CURRENT_PROJECT_VERSION = 1;
				DEVELOPMENT_ASSET_PATHS = "\"PaperCutGame/Preview Content\"";
				DEVELOPMENT_TEAM = GSCD546LQS;
				ENABLE_HARDENED_RUNTIME = YES;
				ENABLE_PREVIEWS = YES;
				GENERATE_INFOPLIST_FILE = YES;
				"INFOPLIST_KEY_UIApplicationSceneManifest_Generation[sdk=iphoneos*]" = YES;
				"INFOPLIST_KEY_UIApplicationSceneManifest_Generation[sdk=iphonesimulator*]" = YES;
				"INFOPLIST_KEY_UIApplicationSupportsIndirectInputEvents[sdk=iphoneos*]" = YES;
				"INFOPLIST_KEY_UIApplicationSupportsIndirectInputEvents[sdk=iphonesimulator*]" = YES;
				"INFOPLIST_KEY_UILaunchScreen_Generation[sdk=iphoneos*]" = YES;
				"INFOPLIST_KEY_UILaunchScreen_Generation[sdk=iphonesimulator*]" = YES;
				"INFOPLIST_KEY_UIStatusBarStyle[sdk=iphoneos*]" = UIStatusBarStyleDefault;
				"INFOPLIST_KEY_UIStatusBarStyle[sdk=iphonesimulator*]" = UIStatusBarStyleDefault;
				INFOPLIST_KEY_UISupportedInterfaceOrientations_iPad = "UIInterfaceOrientationPortrait UIInterfaceOrientationPortraitUpsideDown UIInterfaceOrientationLandscapeLeft UIInterfaceOrientationLandscapeRight";
				INFOPLIST_KEY_UISupportedInterfaceOrientations_iPhone = "UIInterfaceOrientationPortrait UIInterfaceOrientationLandscapeLeft UIInterfaceOrientationLandscapeRight";
				IPHONEOS_DEPLOYMENT_TARGET = 16.4;
				LD_RUNPATH_SEARCH_PATHS = "@executable_path/Frameworks";
				"LD_RUNPATH_SEARCH_PATHS[sdk=macosx*]" = "@executable_path/../Frameworks";
				MACOSX_DEPLOYMENT_TARGET = 13.3;
				MARKETING_VERSION = 1.0;
				PRODUCT_BUNDLE_IDENTIFIER = biqingsu.PaperCutGame;
				PRODUCT_NAME = "$(TARGET_NAME)";
				SDKROOT = auto;
				SUPPORTED_PLATFORMS = "iphoneos iphonesimulator macosx";
				SWIFT_EMIT_LOC_STRINGS = YES;
				SWIFT_VERSION = 5.0;
				TARGETED_DEVICE_FAMILY = "1,2";
			};
			name = Debug;
		};
		713CD37E2B51A7F300C6F2EA /* Release */ = {
			isa = XCBuildConfiguration;
			buildSettings = {
				ASSETCATALOG_COMPILER_APPICON_NAME = AppIcon;
				ASSETCATALOG_COMPILER_GLOBAL_ACCENT_COLOR_NAME = AccentColor;
				CODE_SIGN_ENTITLEMENTS = PaperCutGame/PaperCutGame.entitlements;
				CODE_SIGN_STYLE = Automatic;
				CURRENT_PROJECT_VERSION = 1;
				DEVELOPMENT_ASSET_PATHS = "\"PaperCutGame/Preview Content\"";
				DEVELOPMENT_TEAM = GSCD546LQS;
				ENABLE_HARDENED_RUNTIME = YES;
				ENABLE_PREVIEWS = YES;
				GENERATE_INFOPLIST_FILE = YES;
				"INFOPLIST_KEY_UIApplicationSceneManifest_Generation[sdk=iphoneos*]" = YES;
				"INFOPLIST_KEY_UIApplicationSceneManifest_Generation[sdk=iphonesimulator*]" = YES;
				"INFOPLIST_KEY_UIApplicationSupportsIndirectInputEvents[sdk=iphoneos*]" = YES;
				"INFOPLIST_KEY_UIApplicationSupportsIndirectInputEvents[sdk=iphonesimulator*]" = YES;
				"INFOPLIST_KEY_UILaunchScreen_Generation[sdk=iphoneos*]" = YES;
				"INFOPLIST_KEY_UILaunchScreen_Generation[sdk=iphonesimulator*]" = YES;
				"INFOPLIST_KEY_UIStatusBarStyle[sdk=iphoneos*]" = UIStatusBarStyleDefault;
				"INFOPLIST_KEY_UIStatusBarStyle[sdk=iphonesimulator*]" = UIStatusBarStyleDefault;
				INFOPLIST_KEY_UISupportedInterfaceOrientations_iPad = "UIInterfaceOrientationPortrait UIInterfaceOrientationPortraitUpsideDown UIInterfaceOrientationLandscapeLeft UIInterfaceOrientationLandscapeRight";
				INFOPLIST_KEY_UISupportedInterfaceOrientations_iPhone = "UIInterfaceOrientationPortrait UIInterfaceOrientationLandscapeLeft UIInterfaceOrientationLandscapeRight";
				IPHONEOS_DEPLOYMENT_TARGET = 16.4;
				LD_RUNPATH_SEARCH_PATHS = "@executable_path/Frameworks";
				"LD_RUNPATH_SEARCH_PATHS[sdk=macosx*]" = "@executable_path/../Frameworks";
				MACOSX_DEPLOYMENT_TARGET = 13.3;
				MARKETING_VERSION = 1.0;
				PRODUCT_BUNDLE_IDENTIFIER = biqingsu.PaperCutGame;
				PRODUCT_NAME = "$(TARGET_NAME)";
				SDKROOT = auto;
				SUPPORTED_PLATFORMS = "iphoneos iphonesimulator macosx";
				SWIFT_EMIT_LOC_STRINGS = YES;
				SWIFT_VERSION = 5.0;
				TARGETED_DEVICE_FAMILY = "1,2";
			};
			name = Release;
		};
/* End XCBuildConfiguration section */

/* Begin XCConfigurationList section */
		713CD3682B51A7F200C6F2EA /* Build configuration list for PBXProject "PaperCutGame" */ = {
			isa = XCConfigurationList;
			buildConfigurations = (
				713CD37A2B51A7F300C6F2EA /* Debug */,
				713CD37B2B51A7F300C6F2EA /* Release */,
			);
			defaultConfigurationIsVisible = 0;
			defaultConfigurationName = Release;
		};
		713CD37C2B51A7F300C6F2EA /* Build configuration list for PBXNativeTarget "PaperCutGame" */ = {
			isa = XCConfigurationList;
			buildConfigurations = (
				713CD37D2B51A7F300C6F2EA /* Debug */,
				713CD37E2B51A7F300C6F2EA /* Release */,
			);
			defaultConfigurationIsVisible = 0;
			defaultConfigurationName = Release;
		};
/* End XCConfigurationList section */
	};
	rootObject = 713CD3652B51A7F200C6F2EA /* Project object */;
}
